FORGE
  remote: http://forge.puppetlabs.com
  specs:
    domcleal/augeasproviders (0.7.0)
    erwbgy/limits (0.3.1)
    erwbgy/ntp (0.7.2)
    erwbgy/system (0.7.3)
      domcleal/augeasproviders (>= 0.5.1)
      erwbgy/limits (>= 0.3.1)
      erwbgy/ntp (>= 0.7.1)
      puppetlabs/stdlib (>= 2.6.0)
      ripienaar/concat (>= 0.2.0)
    ghoneycutt/dnsclient (2.0.0)
    hunner/hiera (0.3.1)
    puppetlabs/apt (1.2.0)
      puppetlabs/stdlib (>= 2.2.1)
    puppetlabs/mongodb (0.1.0)
      puppetlabs/apt (>= 0.0.2)
    puppetlabs/motd (1.0.1)
    puppetlabs/nodejs (0.3.0)
      puppetlabs/apt (>= 0.0.3)
      puppetlabs/stdlib (>= 2.0.0)
    puppetlabs/razor (0.6.1)
      puppetlabs/mongodb (>= 0.1.0)
      puppetlabs/nodejs (>= 0.1.1)
      puppetlabs/ruby (>= 0.0.2)
      puppetlabs/stdlib (>= 2.0.0)
      puppetlabs/tftp (>= 0.2.0)
      puppetlabs/vcsrepo (>= 0.0.5)
      saz/sudo (>= 2.0.0)
    puppetlabs/ruby (0.0.2)
    puppetlabs/stdlib (4.1.0)
    puppetlabs/tftp (0.2.1)
      puppetlabs/xinetd (>= 1.1.0)
    puppetlabs/vcsrepo (0.1.2)
    puppetlabs/xinetd (1.2.0)
      puppetlabs/stdlib (>= 2.2.1)
    ripienaar/concat (0.2.0)
    saz/sudo (2.2.0)

DEPENDENCIES
  erwbgy/system (>= 0)
  ghoneycutt/dnsclient (>= 0)
  hunner/hiera (>= 0)
  puppetlabs/motd (>= 0)
  puppetlabs/razor (>= 0)
  puppetlabs/stdlib (>= 0)

